
Microsoft Visual Studio Solution File, Format Version 12.00
# Visual Studio Version 17
VisualStudioVersion = 17.9.34622.214
MinimumVisualStudioVersion = 10.0.40219.1
Project("{9A19103F-16F7-4668-BE54-9A1E7A4F7556}") = "Lesson1", "Lesson1\Lesson1.csproj", "{A903C044-759E-425F-8999-648650901D9F}"
EndProject
Project("{9A19103F-16F7-4668-BE54-9A1E7A4F7556}") = "Lesson2", "Lesson2\Lesson2.csproj", "{EC5B50A7-58FA-4B0B-AB59-DC1BB6941984}"
EndProject
Project("{9A19103F-16F7-4668-BE54-9A1E7A4F7556}") = "Lesson 3", "Lesson 3\Lesson 3.csproj", "{D6D2B2A7-A784-442D-B830-0B64A3D3A9FB}"
EndProject
Project("{9A19103F-16F7-4668-BE54-9A1E7A4F7556}") = "Lesson 4", "Lesson 4\Lesson 4.csproj", "{71FA8421-7A74-4053-93D1-ACA38C77AF40}"
EndProject
Project("{9A19103F-16F7-4668-BE54-9A1E7A4F7556}") = "Lesson 5", "Lesson 5\Lesson 5.csproj", "{68FB38E9-65D8-4DA6-8CA5-01811C3E21D3}"
EndProject
Project("{9A19103F-16F7-4668-BE54-9A1E7A4F7556}") = "Lesson 6", "Lesson 6\Lesson 6.csproj", "{0CDFDB74-B58B-4E59-B720-4BECFEF202E7}"
EndProject
Project("{FAE04EC0-301F-11D3-BF4B-00C04F79EFBC}") = "Lesson 7", "Lesson 7\Lesson 7.csproj", "{8558F1E0-E8CB-4AE8-825A-28397EBBA1EE}"
EndProject
Project("{FAE04EC0-301F-11D3-BF4B-00C04F79EFBC}") = "Lesson 8", "Lesson 8\Lesson 8.csproj", "{7624A54C-AF0C-4ABE-849B-4C152E4303DC}"
EndProject
Project("{FAE04EC0-301F-11D3-BF4B-00C04F79EFBC}") = "RestaurantWebApi", "RestaurantWebApi\RestaurantWebApi.csproj", "{EEE5B02A-D798-4FEB-B6B5-1BB0386A427C}"
EndProject
Project("{FAE04EC0-301F-11D3-BF4B-00C04F79EFBC}") = "Lesson9", "Lesson9\Lesson9.csproj", "{E913C3C8-7256-4D12-B7F2-25ABC7B3CEBD}"
EndProject
Global
	GlobalSection(SolutionConfigurationPlatforms) = preSolution
		Debug|Any CPU = Debug|Any CPU
		Release|Any CPU = Release|Any CPU
	EndGlobalSection
	GlobalSection(ProjectConfigurationPlatforms) = postSolution
		{A903C044-759E-425F-8999-648650901D9F}.Debug|Any CPU.ActiveCfg = Debug|Any CPU
		{A903C044-759E-425F-8999-648650901D9F}.Debug|Any CPU.Build.0 = Debug|Any CPU
		{A903C044-759E-425F-8999-648650901D9F}.Release|Any CPU.ActiveCfg = Release|Any CPU
		{A903C044-759E-425F-8999-648650901D9F}.Release|Any CPU.Build.0 = Release|Any CPU
		{EC5B50A7-58FA-4B0B-AB59-DC1BB6941984}.Debug|Any CPU.ActiveCfg = Debug|Any CPU
		{EC5B50A7-58FA-4B0B-AB59-DC1BB6941984}.Debug|Any CPU.Build.0 = Debug|Any CPU
		{EC5B50A7-58FA-4B0B-AB59-DC1BB6941984}.Release|Any CPU.ActiveCfg = Release|Any CPU
		{EC5B50A7-58FA-4B0B-AB59-DC1BB6941984}.Release|Any CPU.Build.0 = Release|Any CPU
		{D6D2B2A7-A784-442D-B830-0B64A3D3A9FB}.Debug|Any CPU.ActiveCfg = Debug|Any CPU
		{D6D2B2A7-A784-442D-B830-0B64A3D3A9FB}.Debug|Any CPU.Build.0 = Debug|Any CPU
		{D6D2B2A7-A784-442D-B830-0B64A3D3A9FB}.Release|Any CPU.ActiveCfg = Release|Any CPU
		{D6D2B2A7-A784-442D-B830-0B64A3D3A9FB}.Release|Any CPU.Build.0 = Release|Any CPU
		{71FA8421-7A74-4053-93D1-ACA38C77AF40}.Debug|Any CPU.ActiveCfg = Debug|Any CPU
		{71FA8421-7A74-4053-93D1-ACA38C77AF40}.Debug|Any CPU.Build.0 = Debug|Any CPU
		{71FA8421-7A74-4053-93D1-ACA38C77AF40}.Release|Any CPU.ActiveCfg = Release|Any CPU
		{71FA8421-7A74-4053-93D1-ACA38C77AF40}.Release|Any CPU.Build.0 = Release|Any CPU
		{68FB38E9-65D8-4DA6-8CA5-01811C3E21D3}.Debug|Any CPU.ActiveCfg = Debug|Any CPU
		{68FB38E9-65D8-4DA6-8CA5-01811C3E21D3}.Debug|Any CPU.Build.0 = Debug|Any CPU
		{68FB38E9-65D8-4DA6-8CA5-01811C3E21D3}.Release|Any CPU.ActiveCfg = Release|Any CPU
		{68FB38E9-65D8-4DA6-8CA5-01811C3E21D3}.Release|Any CPU.Build.0 = Release|Any CPU
		{0CDFDB74-B58B-4E59-B720-4BECFEF202E7}.Debug|Any CPU.ActiveCfg = Debug|Any CPU
		{0CDFDB74-B58B-4E59-B720-4BECFEF202E7}.Debug|Any CPU.Build.0 = Debug|Any CPU
		{0CDFDB74-B58B-4E59-B720-4BECFEF202E7}.Release|Any CPU.ActiveCfg = Release|Any CPU
		{0CDFDB74-B58B-4E59-B720-4BECFEF202E7}.Release|Any CPU.Build.0 = Release|Any CPU
		{8558F1E0-E8CB-4AE8-825A-28397EBBA1EE}.Debug|Any CPU.ActiveCfg = Debug|Any CPU
		{8558F1E0-E8CB-4AE8-825A-28397EBBA1EE}.Debug|Any CPU.Build.0 = Debug|Any CPU
		{8558F1E0-E8CB-4AE8-825A-28397EBBA1EE}.Release|Any CPU.ActiveCfg = Release|Any CPU
		{8558F1E0-E8CB-4AE8-825A-28397EBBA1EE}.Release|Any CPU.Build.0 = Release|Any CPU
		{7624A54C-AF0C-4ABE-849B-4C152E4303DC}.Debug|Any CPU.ActiveCfg = Debug|Any CPU
		{7624A54C-AF0C-4ABE-849B-4C152E4303DC}.Debug|Any CPU.Build.0 = Debug|Any CPU
		{7624A54C-AF0C-4ABE-849B-4C152E4303DC}.Release|Any CPU.ActiveCfg = Release|Any CPU
		{7624A54C-AF0C-4ABE-849B-4C152E4303DC}.Release|Any CPU.Build.0 = Release|Any CPU
		{EEE5B02A-D798-4FEB-B6B5-1BB0386A427C}.Debug|Any CPU.ActiveCfg = Debug|Any CPU
		{EEE5B02A-D798-4FEB-B6B5-1BB0386A427C}.Debug|Any CPU.Build.0 = Debug|Any CPU
		{EEE5B02A-D798-4FEB-B6B5-1BB0386A427C}.Release|Any CPU.ActiveCfg = Release|Any CPU
		{EEE5B02A-D798-4FEB-B6B5-1BB0386A427C}.Release|Any CPU.Build.0 = Release|Any CPU
		{E913C3C8-7256-4D12-B7F2-25ABC7B3CEBD}.Debug|Any CPU.ActiveCfg = Debug|Any CPU
		{E913C3C8-7256-4D12-B7F2-25ABC7B3CEBD}.Debug|Any CPU.Build.0 = Debug|Any CPU
		{E913C3C8-7256-4D12-B7F2-25ABC7B3CEBD}.Release|Any CPU.ActiveCfg = Release|Any CPU
		{E913C3C8-7256-4D12-B7F2-25ABC7B3CEBD}.Release|Any CPU.Build.0 = Release|Any CPU
	EndGlobalSection
	GlobalSection(SolutionProperties) = preSolution
		HideSolutionNode = FALSE
	EndGlobalSection
	GlobalSection(ExtensibilityGlobals) = postSolution
		SolutionGuid = {4759F807-8097-41A7-A0C3-874885DEB266}
	EndGlobalSection
EndGlobal
